PODS:
  - BeautifulTextField (0.9.9)

DEPENDENCIES:
  - BeautifulTextField (from `../`)

EXTERNAL SOURCES:
  BeautifulTextField:
    :path: ../

SPEC CHECKSUMS:
  BeautifulTextField: 11ade2581c65f93c957b35392212bfd4cef83498

PODFILE CHECKSUM: e5da792587ec69d79ec35c230d41427bef904765

COCOAPODS: 1.4.0
