PODS:
  - BeautifulTextField (0.9.10)

DEPENDENCIES:
  - BeautifulTextField (from `../`)

EXTERNAL SOURCES:
  BeautifulTextField:
    :path: "../"

SPEC CHECKSUMS:
  BeautifulTextField: c1af94e4326fb423011b3a78f93a95978df379a9

PODFILE CHECKSUM: 745736ca01ed5de05b00a1dc5c109fc110456ff2

COCOAPODS: 1.5.3
