PODS:
  - BeautifulTextField (0.10.0)

DEPENDENCIES:
  - BeautifulTextField (from `../`)

EXTERNAL SOURCES:
  BeautifulTextField:
    :path: "../"

SPEC CHECKSUMS:
  BeautifulTextField: dcb724e2d3f877306541d970867ed994ace0e416

PODFILE CHECKSUM: 745736ca01ed5de05b00a1dc5c109fc110456ff2

COCOAPODS: 1.10.0
